
Microsoft Visual Studio Solution File, Format Version 12.00
# Visual Studio 15
VisualStudioVersion = 15.0.26228.4
MinimumVisualStudioVersion = 10.0.40219.1
Project("{FAE04EC0-301F-11D3-BF4B-00C04F79EFBC}") = "Registeration", "Registeration\Registeration.csproj", "{B45E4573-ED80-410E-A700-8105CC30C7E1}"
EndProject
Project("{FAE04EC0-301F-11D3-BF4B-00C04F79EFBC}") = "Registration.Model", "Registration.Model\Registration.Model.csproj", "{8EB1D4E0-D1E7-4EB1-BFD1-4CA10143690C}"
EndProject
Project("{FAE04EC0-301F-11D3-BF4B-00C04F79EFBC}") = "Registeration.Repository", "Registration.Repository\Registeration.Repository.csproj", "{6D4115BD-6293-40D6-9E1B-E6545ED3FEA1}"
EndProject
Global
	GlobalSection(SolutionConfigurationPlatforms) = preSolution
		Debug|Any CPU = Debug|Any CPU
		Release|Any CPU = Release|Any CPU
	EndGlobalSection
	GlobalSection(ProjectConfigurationPlatforms) = postSolution
		{B45E4573-ED80-410E-A700-8105CC30C7E1}.Debug|Any CPU.ActiveCfg = Debug|Any CPU
		{B45E4573-ED80-410E-A700-8105CC30C7E1}.Debug|Any CPU.Build.0 = Debug|Any CPU
		{B45E4573-ED80-410E-A700-8105CC30C7E1}.Release|Any CPU.ActiveCfg = Release|Any CPU
		{B45E4573-ED80-410E-A700-8105CC30C7E1}.Release|Any CPU.Build.0 = Release|Any CPU
		{8EB1D4E0-D1E7-4EB1-BFD1-4CA10143690C}.Debug|Any CPU.ActiveCfg = Debug|Any CPU
		{8EB1D4E0-D1E7-4EB1-BFD1-4CA10143690C}.Debug|Any CPU.Build.0 = Debug|Any CPU
		{8EB1D4E0-D1E7-4EB1-BFD1-4CA10143690C}.Release|Any CPU.ActiveCfg = Release|Any CPU
		{8EB1D4E0-D1E7-4EB1-BFD1-4CA10143690C}.Release|Any CPU.Build.0 = Release|Any CPU
		{6D4115BD-6293-40D6-9E1B-E6545ED3FEA1}.Debug|Any CPU.ActiveCfg = Debug|Any CPU
		{6D4115BD-6293-40D6-9E1B-E6545ED3FEA1}.Debug|Any CPU.Build.0 = Debug|Any CPU
		{6D4115BD-6293-40D6-9E1B-E6545ED3FEA1}.Release|Any CPU.ActiveCfg = Release|Any CPU
		{6D4115BD-6293-40D6-9E1B-E6545ED3FEA1}.Release|Any CPU.Build.0 = Release|Any CPU
	EndGlobalSection
	GlobalSection(SolutionProperties) = preSolution
		HideSolutionNode = FALSE
	EndGlobalSection
EndGlobal
